// !$*UTF8*$!
{
	archiveVersion = 1;
	classes = {
	};
	objectVersion = 77;
	objects = {

/* Begin PBXContainerItemProxy section */
		FF964BDB2D84748B0016E277 /* PBXContainerItemProxy */ = {
			isa = PBXContainerItemProxy;
			containerPortal = FF964BBC2D84748A0016E277 /* Project object */;
			proxyType = 1;
			remoteGlobalIDString = FF964BC32D84748A0016E277;
			remoteInfo = NavControllerItem;
		};
		FF964BE52D84748B0016E277 /* PBXContainerItemProxy */ = {
			isa = PBXContainerItemProxy;
			containerPortal = FF964BBC2D84748A0016E277 /* Project object */;
			proxyType = 1;
			remoteGlobalIDString = FF964BC32D84748A0016E277;
			remoteInfo = NavControllerItem;
		};
/* End PBXContainerItemProxy section */

/* Begin PBXFileReference section */
		FF964BC42D84748A0016E277 /* NavControllerItem.app */ = {isa = PBXFileReference; explicitFileType = wrapper.application; includeInIndex = 0; path = NavControllerItem.app; sourceTree = BUILT_PRODUCTS_DIR; };
		FF964BDA2D84748B0016E277 /* NavControllerItemTests.xctest */ = {isa = PBXFileReference; explicitFileType = wrapper.cfbundle; includeInIndex = 0; path = NavControllerItemTests.xctest; sourceTree = BUILT_PRODUCTS_DIR; };
		FF964BE42D84748B0016E277 /* NavControllerItemUITests.xctest */ = {isa = PBXFileReference; explicitFileType = wrapper.cfbundle; includeInIndex = 0; path = NavControllerItemUITests.xctest; sourceTree = BUILT_PRODUCTS_DIR; };
/* End PBXFileReference section */

/* Begin PBXFileSystemSynchronizedBuildFileExceptionSet section */
		FF964BEC2D84748B0016E277 /* Exceptions for "NavControllerItem" folder in "NavControllerItem" target */ = {
			isa = PBXFileSystemSynchronizedBuildFileExceptionSet;
			membershipExceptions = (
				Info.plist,
			);
			target = FF964BC32D84748A0016E277 /* NavControllerItem */;
		};
/* End PBXFileSystemSynchronizedBuildFileExceptionSet section */

/* Begin PBXFileSystemSynchronizedRootGroup section */
		FF964BC62D84748A0016E277 /* NavControllerItem */ = {
			isa = PBXFileSystemSynchronizedRootGroup;
			exceptions = (
				FF964BEC2D84748B0016E277 /* Exceptions for "NavControllerItem" folder in "NavControllerItem" target */,
			);
			path = NavControllerItem;
			sourceTree = "<group>";
		};
		FF964BDD2D84748B0016E277 /* NavControllerItemTests */ = {
			isa = PBXFileSystemSynchronizedRootGroup;
			path = NavControllerItemTests;
			sourceTree = "<group>";
		};
		FF964BE72D84748B0016E277 /* NavControllerItemUITests */ = {
			isa = PBXFileSystemSynchronizedRootGroup;
			path = NavControllerItemUITests;
			sourceTree = "<group>";
		};
/* End PBXFileSystemSynchronizedRootGroup section */

/* Begin PBXFrameworksBuildPhase section */
		FF964BC12D84748A0016E277 /* Frameworks */ = {
			isa = PBXFrameworksBuildPhase;
			buildActionMask = 2147483647;
			files = (
			);
			runOnlyForDeploymentPostprocessing = 0;
		};
		FF964BD72D84748B0016E277 /* Frameworks */ = {
			isa = PBXFrameworksBuildPhase;
			buildActionMask = 2147483647;
			files = (
			);
			runOnlyForDeploymentPostprocessing = 0;
		};
		FF964BE12D84748B0016E277 /* Frameworks */ = {
			isa = PBXFrameworksBuildPhase;
			buildActionMask = 2147483647;
			files = (
			);
			runOnlyForDeploymentPostprocessing = 0;
		};
/* End PBXFrameworksBuildPhase section */

/* Begin PBXGroup section */
		FF964BBB2D84748A0016E277 = {
			isa = PBXGroup;
			children = (
				FF964BC62D84748A0016E277 /* NavControllerItem */,
				FF964BDD2D84748B0016E277 /* NavControllerItemTests */,
				FF964BE72D84748B0016E277 /* NavControllerItemUITests */,
				FF964BC52D84748A0016E277 /* Products */,
			);
			sourceTree = "<group>";
		};
		FF964BC52D84748A0016E277 /* Products */ = {
			isa = PBXGroup;
			children = (
				FF964BC42D84748A0016E277 /* NavControllerItem.app */,
				FF964BDA2D84748B0016E277 /* NavControllerItemTests.xctest */,
				FF964BE42D84748B0016E277 /* NavControllerItemUITests.xctest */,
			);
			name = Products;
			sourceTree = "<group>";
		};
/* End PBXGroup section */

/* Begin PBXNativeTarget section */
		FF964BC32D84748A0016E277 /* NavControllerItem */ = {
			isa = PBXNativeTarget;
			buildConfigurationList = FF964BED2D84748B0016E277 /* Build configuration list for PBXNativeTarget "NavControllerItem" */;
			buildPhases = (
				FF964BC02D84748A0016E277 /* Sources */,
				FF964BC12D84748A0016E277 /* Frameworks */,
				FF964BC22D84748A0016E277 /* Resources */,
			);
			buildRules = (
			);
			dependencies = (
			);
			fileSystemSynchronizedGroups = (
				FF964BC62D84748A0016E277 /* NavControllerItem */,
			);
			name = NavControllerItem;
			packageProductDependencies = (
			);
			productName = NavControllerItem;
			productReference = FF964BC42D84748A0016E277 /* NavControllerItem.app */;
			productType = "com.apple.product-type.application";
		};
		FF964BD92D84748B0016E277 /* NavControllerItemTests */ = {
			isa = PBXNativeTarget;
			buildConfigurationList = FF964BF22D84748B0016E277 /* Build configuration list for PBXNativeTarget "NavControllerItemTests" */;
			buildPhases = (
				FF964BD62D84748B0016E277 /* Sources */,
				FF964BD72D84748B0016E277 /* Frameworks */,
				FF964BD82D84748B0016E277 /* Resources */,
			);
			buildRules = (
			);
			dependencies = (
				FF964BDC2D84748B0016E277 /* PBXTargetDependency */,
			);
			fileSystemSynchronizedGroups = (
				FF964BDD2D84748B0016E277 /* NavControllerItemTests */,
			);
			name = NavControllerItemTests;
			packageProductDependencies = (
			);
			productName = NavControllerItemTests;
			productReference = FF964BDA2D84748B0016E277 /* NavControllerItemTests.xctest */;
			productType = "com.apple.product-type.bundle.unit-test";
		};
		FF964BE32D84748B0016E277 /* NavControllerItemUITests */ = {
			isa = PBXNativeTarget;
			buildConfigurationList = FF964BF52D84748B0016E277 /* Build configuration list for PBXNativeTarget "NavControllerItemUITests" */;
			buildPhases = (
				FF964BE02D84748B0016E277 /* Sources */,
				FF964BE12D84748B0016E277 /* Frameworks */,
				FF964BE22D84748B0016E277 /* Resources */,
			);
			buildRules = (
			);
			dependencies = (
				FF964BE62D84748B0016E277 /* PBXTargetDependency */,
			);
			fileSystemSynchronizedGroups = (
				FF964BE72D84748B0016E277 /* NavControllerItemUITests */,
			);
			name = NavControllerItemUITests;
			packageProductDependencies = (
			);
			productName = NavControllerItemUITests;
			productReference = FF964BE42D84748B0016E277 /* NavControllerItemUITests.xctest */;
			productType = "com.apple.product-type.bundle.ui-testing";
		};
/* End PBXNativeTarget section */

/* Begin PBXProject section */
		FF964BBC2D84748A0016E277 /* Project object */ = {
			isa = PBXProject;
			attributes = {
				BuildIndependentTargetsInParallel = 1;
				LastSwiftUpdateCheck = 1620;
				LastUpgradeCheck = 1620;
				TargetAttributes = {
					FF964BC32D84748A0016E277 = {
						CreatedOnToolsVersion = 16.2;
					};
					FF964BD92D84748B0016E277 = {
						CreatedOnToolsVersion = 16.2;
						TestTargetID = FF964BC32D84748A0016E277;
					};
					FF964BE32D84748B0016E277 = {
						CreatedOnToolsVersion = 16.2;
						TestTargetID = FF964BC32D84748A0016E277;
					};
				};
			};
			buildConfigurationList = FF964BBF2D84748A0016E277 /* Build configuration list for PBXProject "NavControllerItem" */;
			developmentRegion = en;
			hasScannedForEncodings = 0;
			knownRegions = (
				en,
				Base,
			);
			mainGroup = FF964BBB2D84748A0016E277;
			minimizedProjectReferenceProxies = 1;
			preferredProjectObjectVersion = 77;
			productRefGroup = FF964BC52D84748A0016E277 /* Products */;
			projectDirPath = "";
			projectRoot = "";
			targets = (
				FF964BC32D84748A0016E277 /* NavControllerItem */,
				FF964BD92D84748B0016E277 /* NavControllerItemTests */,
				FF964BE32D84748B0016E277 /* NavControllerItemUITests */,
			);
		};
/* End PBXProject section */

/* Begin PBXResourcesBuildPhase section */
		FF964BC22D84748A0016E277 /* Resources */ = {
			isa = PBXResourcesBuildPhase;
			buildActionMask = 2147483647;
			files = (
			);
			runOnlyForDeploymentPostprocessing = 0;
		};
		FF964BD82D84748B0016E277 /* Resources */ = {
			isa = PBXResourcesBuildPhase;
			buildActionMask = 2147483647;
			files = (
			);
			runOnlyForDeploymentPostprocessing = 0;
		};
		FF964BE22D84748B0016E277 /* Resources */ = {
			isa = PBXResourcesBuildPhase;
			buildActionMask = 2147483647;
			files = (
			);
			runOnlyForDeploymentPostprocessing = 0;
		};
/* End PBXResourcesBuildPhase section */

/* Begin PBXSourcesBuildPhase section */
		FF964BC02D84748A0016E277 /* Sources */ = {
			isa = PBXSourcesBuildPhase;
			buildActionMask = 2147483647;
			files = (
			);
			runOnlyForDeploymentPostprocessing = 0;
		};
		FF964BD62D84748B0016E277 /* Sources */ = {
			isa = PBXSourcesBuildPhase;
			buildActionMask = 2147483647;
			files = (
			);
			runOnlyForDeploymentPostprocessing = 0;
		};
		FF964BE02D84748B0016E277 /* Sources */ = {
			isa = PBXSourcesBuildPhase;
			buildActionMask = 2147483647;
			files = (
			);
			runOnlyForDeploymentPostprocessing = 0;
		};
/* End PBXSourcesBuildPhase section */

/* Begin PBXTargetDependency section */
		FF964BDC2D84748B0016E277 /* PBXTargetDependency */ = {
			isa = PBXTargetDependency;
			target = FF964BC32D84748A0016E277 /* NavControllerItem */;
			targetProxy = FF964BDB2D84748B0016E277 /* PBXContainerItemProxy */;
		};
		FF964BE62D84748B0016E277 /* PBXTargetDependency */ = {
			isa = PBXTargetDependency;
			target = FF964BC32D84748A0016E277 /* NavControllerItem */;
			targetProxy = FF964BE52D84748B0016E277 /* PBXContainerItemProxy */;
		};
/* End PBXTargetDependency section */

/* Begin XCBuildConfiguration section */
		FF964BEE2D84748B0016E277 /* Debug */ = {
			isa = XCBuildConfiguration;
			buildSettings = {
				ASSETCATALOG_COMPILER_APPICON_NAME = AppIcon;
				ASSETCATALOG_COMPILER_GLOBAL_ACCENT_COLOR_NAME = AccentColor;
				CODE_SIGN_STYLE = Automatic;
				CURRENT_PROJECT_VERSION = 1;
				DEVELOPMENT_TEAM = T985K3P4V7;
				GENERATE_INFOPLIST_FILE = YES;
				INFOPLIST_FILE = NavControllerItem/Info.plist;
				INFOPLIST_KEY_UIApplicationSupportsIndirectInputEvents = YES;
				INFOPLIST_KEY_UILaunchStoryboardName = LaunchScreen;
				INFOPLIST_KEY_UIMainStoryboardFile = Main;
				INFOPLIST_KEY_UISupportedInterfaceOrientations_iPad = "UIInterfaceOrientationPortrait UIInterfaceOrientationPortraitUpsideDown UIInterfaceOrientationLandscapeLeft UIInterfaceOrientationLandscapeRight";
				INFOPLIST_KEY_UISupportedInterfaceOrientations_iPhone = "UIInterfaceOrientationPortrait UIInterfaceOrientationLandscapeLeft UIInterfaceOrientationLandscapeRight";
				LD_RUNPATH_SEARCH_PATHS = (
					"$(inherited)",
					"@executable_path/Frameworks",
				);
				MARKETING_VERSION = 1.0;
				PRODUCT_BUNDLE_IDENTIFIER = com.omerapaydin.NavControllerItem;
				PRODUCT_NAME = "$(TARGET_NAME)";
				SWIFT_EMIT_LOC_STRINGS = YES;
				SWIFT_VERSION = 5.0;
				TARGETED_DEVICE_FAMILY = "1,2";
			};
			name = Debug;
		};
		FF964BEF2D84748B0016E277 /* Release */ = {
			isa = XCBuildConfiguration;
			buildSettings = {
				ASSETCATALOG_COMPILER_APPICON_NAME = AppIcon;
				ASSETCATALOG_COMPILER_GLOBAL_ACCENT_COLOR_NAME = AccentColor;
				CODE_SIGN_STYLE = Automatic;
				CURRENT_PROJECT_VERSION = 1;
				DEVELOPMENT_TEAM = T985K3P4V7;
				GENERATE_INFOPLIST_FILE = YES;
				INFOPLIST_FILE = NavControllerItem/Info.plist;
				INFOPLIST_KEY_UIApplicationSupportsIndirectInputEvents = YES;
				INFOPLIST_KEY_UILaunchStoryboardName = LaunchScreen;
				INFOPLIST_KEY_UIMainStoryboardFile = Main;
				INFOPLIST_KEY_UISupportedInterfaceOrientations_iPad = "UIInterfaceOrientationPortrait UIInterfaceOrientationPortraitUpsideDown UIInterfaceOrientationLandscapeLeft UIInterfaceOrientationLandscapeRight";
				INFOPLIST_KEY_UISupportedInterfaceOrientations_iPhone = "UIInterfaceOrientationPortrait UIInterfaceOrientationLandscapeLeft UIInterfaceOrientationLandscapeRight";
				LD_RUNPATH_SEARCH_PATHS = (
					"$(inherited)",
					"@executable_path/Frameworks",
				);
				MARKETING_VERSION = 1.0;
				PRODUCT_BUNDLE_IDENTIFIER = com.omerapaydin.NavControllerItem;
				PRODUCT_NAME = "$(TARGET_NAME)";
				SWIFT_EMIT_LOC_STRINGS = YES;
				SWIFT_VERSION = 5.0;
				TARGETED_DEVICE_FAMILY = "1,2";
			};
			name = Release;
		};
		FF964BF02D84748B0016E277 /* Debug */ = {
			isa = XCBuildConfiguration;
			buildSettings = {
				ALWAYS_SEARCH_USER_PATHS = NO;
				ASSETCATALOG_COMPILER_GENERATE_SWIFT_ASSET_SYMBOL_EXTENSIONS = YES;
				CLANG_ANALYZER_NONNULL = YES;
				CLANG_ANALYZER_NUMBER_OBJECT_CONVERSION = YES_AGGRESSIVE;
				CLANG_CXX_LANGUAGE_STANDARD = "gnu++20";
				CLANG_ENABLE_MODULES = YES;
				CLANG_ENABLE_OBJC_ARC = YES;
				CLANG_ENABLE_OBJC_WEAK = YES;
				CLANG_WARN_BLOCK_CAPTURE_AUTORELEASING = YES;
				CLANG_WARN_BOOL_CONVERSION = YES;
				CLANG_WARN_COMMA = YES;
				CLANG_WARN_CONSTANT_CONVERSION = YES;
				CLANG_WARN_DEPRECATED_OBJC_IMPLEMENTATIONS = YES;
				CLANG_WARN_DIRECT_OBJC_ISA_USAGE = YES_ERROR;
				CLANG_WARN_DOCUMENTATION_COMMENTS = YES;
				CLANG_WARN_EMPTY_BODY = YES;
				CLANG_WARN_ENUM_CONVERSION = YES;
				CLANG_WARN_INFINITE_RECURSION = YES;
				CLANG_WARN_INT_CONVERSION = YES;
				CLANG_WARN_NON_LITERAL_NULL_CONVERSION = YES;
				CLANG_WARN_OBJC_IMPLICIT_RETAIN_SELF = YES;
				CLANG_WARN_OBJC_LITERAL_CONVERSION = YES;
				CLANG_WARN_OBJC_ROOT_CLASS = YES_ERROR;
				CLANG_WARN_QUOTED_INCLUDE_IN_FRAMEWORK_HEADER = YES;
				CLANG_WARN_RANGE_LOOP_ANALYSIS = YES;
				CLANG_WARN_STRICT_PROTOTYPES = YES;
				CLANG_WARN_SUSPICIOUS_MOVE = YES;
				CLANG_WARN_UNGUARDED_AVAILABILITY = YES_AGGRESSIVE;
				CLANG_WARN_UNREACHABLE_CODE = YES;
				CLANG_WARN__DUPLICATE_METHOD_MATCH = YES;
				COPY_PHASE_STRIP = NO;
				DEBUG_INFORMATION_FORMAT = dwarf;
				ENABLE_STRICT_OBJC_MSGSEND = YES;
				ENABLE_TESTABILITY = YES;
				ENABLE_USER_SCRIPT_SANDBOXING = YES;
				GCC_C_LANGUAGE_STANDARD = gnu17;
				GCC_DYNAMIC_NO_PIC = NO;
				GCC_NO_COMMON_BLOCKS = YES;
				GCC_OPTIMIZATION_LEVEL = 0;
				GCC_PREPROCESSOR_DEFINITIONS = (
					"DEBUG=1",
					"$(inherited)",
				);
				GCC_WARN_64_TO_32_BIT_CONVERSION = YES;
				GCC_WARN_ABOUT_RETURN_TYPE = YES_ERROR;
				GCC_WARN_UNDECLARED_SELECTOR = YES;
				GCC_WARN_UNINITIALIZED_AUTOS = YES_AGGRESSIVE;
				GCC_WARN_UNUSED_FUNCTION = YES;
				GCC_WARN_UNUSED_VARIABLE = YES;
				IPHONEOS_DEPLOYMENT_TARGET = 18.2;
				LOCALIZATION_PREFERS_STRING_CATALOGS = YES;
				MTL_ENABLE_DEBUG_INFO = INCLUDE_SOURCE;
				MTL_FAST_MATH = YES;
				ONLY_ACTIVE_ARCH = YES;
				SDKROOT = iphoneos;
				SWIFT_ACTIVE_COMPILATION_CONDITIONS = "DEBUG $(inherited)";
				SWIFT_OPTIMIZATION_LEVEL = "-Onone";
			};
			name = Debug;
		};
		FF964BF12D84748B0016E277 /* Release */ = {
			isa = XCBuildConfiguration;
			buildSettings = {
				ALWAYS_SEARCH_USER_PATHS = NO;
				ASSETCATALOG_COMPILER_GENERATE_SWIFT_ASSET_SYMBOL_EXTENSIONS = YES;
				CLANG_ANALYZER_NONNULL = YES;
				CLANG_ANALYZER_NUMBER_OBJECT_CONVERSION = YES_AGGRESSIVE;
				CLANG_CXX_LANGUAGE_STANDARD = "gnu++20";
				CLANG_ENABLE_MODULES = YES;
				CLANG_ENABLE_OBJC_ARC = YES;
				CLANG_ENABLE_OBJC_WEAK = YES;
				CLANG_WARN_BLOCK_CAPTURE_AUTORELEASING = YES;
				CLANG_WARN_BOOL_CONVERSION = YES;
				CLANG_WARN_COMMA = YES;
				CLANG_WARN_CONSTANT_CONVERSION = YES;
				CLANG_WARN_DEPRECATED_OBJC_IMPLEMENTATIONS = YES;
				CLANG_WARN_DIRECT_OBJC_ISA_USAGE = YES_ERROR;
				CLANG_WARN_DOCUMENTATION_COMMENTS = YES;
				CLANG_WARN_EMPTY_BODY = YES;
				CLANG_WARN_ENUM_CONVERSION = YES;
				CLANG_WARN_INFINITE_RECURSION = YES;
				CLANG_WARN_INT_CONVERSION = YES;
				CLANG_WARN_NON_LITERAL_NULL_CONVERSION = YES;
				CLANG_WARN_OBJC_IMPLICIT_RETAIN_SELF = YES;
				CLANG_WARN_OBJC_LITERAL_CONVERSION = YES;
				CLANG_WARN_OBJC_ROOT_CLASS = YES_ERROR;
				CLANG_WARN_QUOTED_INCLUDE_IN_FRAMEWORK_HEADER = YES;
				CLANG_WARN_RANGE_LOOP_ANALYSIS = YES;
				CLANG_WARN_STRICT_PROTOTYPES = YES;
				CLANG_WARN_SUSPICIOUS_MOVE = YES;
				CLANG_WARN_UNGUARDED_AVAILABILITY = YES_AGGRESSIVE;
				CLANG_WARN_UNREACHABLE_CODE = YES;
				CLANG_WARN__DUPLICATE_METHOD_MATCH = YES;
				COPY_PHASE_STRIP = NO;
				DEBUG_INFORMATION_FORMAT = "dwarf-with-dsym";
				ENABLE_NS_ASSERTIONS = NO;
				ENABLE_STRICT_OBJC_MSGSEND = YES;
				ENABLE_USER_SCRIPT_SANDBOXING = YES;
				GCC_C_LANGUAGE_STANDARD = gnu17;
				GCC_NO_COMMON_BLOCKS = YES;
				GCC_WARN_64_TO_32_BIT_CONVERSION = YES;
				GCC_WARN_ABOUT_RETURN_TYPE = YES_ERROR;
				GCC_WARN_UNDECLARED_SELECTOR = YES;
				GCC_WARN_UNINITIALIZED_AUTOS = YES_AGGRESSIVE;
				GCC_WARN_UNUSED_FUNCTION = YES;
				GCC_WARN_UNUSED_VARIABLE = YES;
				IPHONEOS_DEPLOYMENT_TARGET = 18.2;
				LOCALIZATION_PREFERS_STRING_CATALOGS = YES;
				MTL_ENABLE_DEBUG_INFO = NO;
				MTL_FAST_MATH = YES;
				SDKROOT = iphoneos;
				SWIFT_COMPILATION_MODE = wholemodule;
				VALIDATE_PRODUCT = YES;
			};
			name = Release;
		};
		FF964BF32D84748B0016E277 /* Debug */ = {
			isa = XCBuildConfiguration;
			buildSettings = {
				BUNDLE_LOADER = "$(TEST_HOST)";
				CODE_SIGN_STYLE = Automatic;
				CURRENT_PROJECT_VERSION = 1;
				DEVELOPMENT_TEAM = T985K3P4V7;
				GENERATE_INFOPLIST_FILE = YES;
				IPHONEOS_DEPLOYMENT_TARGET = 18.2;
				MARKETING_VERSION = 1.0;
				PRODUCT_BUNDLE_IDENTIFIER = com.omerapaydin.NavControllerItemTests;
				PRODUCT_NAME = "$(TARGET_NAME)";
				SWIFT_EMIT_LOC_STRINGS = NO;
				SWIFT_VERSION = 5.0;
				TARGETED_DEVICE_FAMILY = "1,2";
				TEST_HOST = "$(BUILT_PRODUCTS_DIR)/NavControllerItem.app/$(BUNDLE_EXECUTABLE_FOLDER_PATH)/NavControllerItem";
			};
			name = Debug;
		};
		FF964BF42D84748B0016E277 /* Release */ = {
			isa = XCBuildConfiguration;
			buildSettings = {
				BUNDLE_LOADER = "$(TEST_HOST)";
				CODE_SIGN_STYLE = Automatic;
				CURRENT_PROJECT_VERSION = 1;
				DEVELOPMENT_TEAM = T985K3P4V7;
				GENERATE_INFOPLIST_FILE = YES;
				IPHONEOS_DEPLOYMENT_TARGET = 18.2;
				MARKETING_VERSION = 1.0;
				PRODUCT_BUNDLE_IDENTIFIER = com.omerapaydin.NavControllerItemTests;
				PRODUCT_NAME = "$(TARGET_NAME)";
				SWIFT_EMIT_LOC_STRINGS = NO;
				SWIFT_VERSION = 5.0;
				TARGETED_DEVICE_FAMILY = "1,2";
				TEST_HOST = "$(BUILT_PRODUCTS_DIR)/NavControllerItem.app/$(BUNDLE_EXECUTABLE_FOLDER_PATH)/NavControllerItem";
			};
			name = Release;
		};
		FF964BF62D84748B0016E277 /* Debug */ = {
			isa = XCBuildConfiguration;
			buildSettings = {
				CODE_SIGN_STYLE = Automatic;
				CURRENT_PROJECT_VERSION = 1;
				DEVELOPMENT_TEAM = T985K3P4V7;
				GENERATE_INFOPLIST_FILE = YES;
				MARKETING_VERSION = 1.0;
				PRODUCT_BUNDLE_IDENTIFIER = com.omerapaydin.NavControllerItemUITests;
				PRODUCT_NAME = "$(TARGET_NAME)";
				SWIFT_EMIT_LOC_STRINGS = NO;
				SWIFT_VERSION = 5.0;
				TARGETED_DEVICE_FAMILY = "1,2";
				TEST_TARGET_NAME = NavControllerItem;
			};
			name = Debug;
		};
		FF964BF72D84748B0016E277 /* Release */ = {
			isa = XCBuildConfiguration;
			buildSettings = {
				CODE_SIGN_STYLE = Automatic;
				CURRENT_PROJECT_VERSION = 1;
				DEVELOPMENT_TEAM = T985K3P4V7;
				GENERATE_INFOPLIST_FILE = YES;
				MARKETING_VERSION = 1.0;
				PRODUCT_BUNDLE_IDENTIFIER = com.omerapaydin.NavControllerItemUITests;
				PRODUCT_NAME = "$(TARGET_NAME)";
				SWIFT_EMIT_LOC_STRINGS = NO;
				SWIFT_VERSION = 5.0;
				TARGETED_DEVICE_FAMILY = "1,2";
				TEST_TARGET_NAME = NavControllerItem;
			};
			name = Release;
		};
/* End XCBuildConfiguration section */

/* Begin XCConfigurationList section */
		FF964BBF2D84748A0016E277 /* Build configuration list for PBXProject "NavControllerItem" */ = {
			isa = XCConfigurationList;
			buildConfigurations = (
				FF964BF02D84748B0016E277 /* Debug */,
				FF964BF12D84748B0016E277 /* Release */,
			);
			defaultConfigurationIsVisible = 0;
			defaultConfigurationName = Release;
		};
		FF964BED2D84748B0016E277 /* Build configuration list for PBXNativeTarget "NavControllerItem" */ = {
			isa = XCConfigurationList;
			buildConfigurations = (
				FF964BEE2D84748B0016E277 /* Debug */,
				FF964BEF2D84748B0016E277 /* Release */,
			);
			defaultConfigurationIsVisible = 0;
			defaultConfigurationName = Release;
		};
		FF964BF22D84748B0016E277 /* Build configuration list for PBXNativeTarget "NavControllerItemTests" */ = {
			isa = XCConfigurationList;
			buildConfigurations = (
				FF964BF32D84748B0016E277 /* Debug */,
				FF964BF42D84748B0016E277 /* Release */,
			);
			defaultConfigurationIsVisible = 0;
			defaultConfigurationName = Release;
		};
		FF964BF52D84748B0016E277 /* Build configuration list for PBXNativeTarget "NavControllerItemUITests" */ = {
			isa = XCConfigurationList;
			buildConfigurations = (
				FF964BF62D84748B0016E277 /* Debug */,
				FF964BF72D84748B0016E277 /* Release */,
			);
			defaultConfigurationIsVisible = 0;
			defaultConfigurationName = Release;
		};
/* End XCConfigurationList section */
	};
	rootObject = FF964BBC2D84748A0016E277 /* Project object */;
}
